
Microsoft Visual Studio Solution File, Format Version 12.00
# Visual Studio 2012
VisualStudioVersion = 12.0.31101.0
MinimumVisualStudioVersion = 10.0.40219.1

Project("{2150E333-8FDC-42A3-9474-1A3956D46DE8}") = "metadata", ".\", "{F1A57014-71CE-4032-A652-01B7E35E14DB}"
	ProjectSection(SolutionItems) = preProject
		.gitignore = .gitignore
		README.md = README.md
		.travis.yml = .travis.yml
		appveyor.yml = appveyor.yml
	EndProjectSection
EndProject

Project("{2150E333-8FDC-42A3-9474-1A3956D46DE8}") = "Scripts", ".\Scripts", "{C9B78442-415D-4F02-93B1-C377F6A9A053}"
	ProjectSection(SolutionItems) = preProject
		Scripts\launchpad-dependencies.sh = Scripts\launchpad-dependencies.sh
		Scripts\launchpad-publis.sh = Scripts\launchpad-publish.sh
		Scripts\launchpad-server-setup.sh = Scripts\launchpad-server-setup.sh
		Scripts\update-translations.sh = Scripts\update-translations.sh
	EndProjectSection
EndProject

Project("{FAE04EC0-301F-11D3-BF4B-00C04F79EFBC}") = "Launchpad.Launcher", "Launchpad.Launcher\Launchpad.Launcher.csproj", "{676312FB-AF67-4340-B86F-9CCEB22D802F}"
EndProject
Project("{FAE04EC0-301F-11D3-BF4B-00C04F79EFBC}") = "Launchpad.Utilities", "Launchpad.Utilities\Launchpad.Utilities.csproj", "{BA9D77D3-1767-4D9C-80F3-409C52B03861}"
EndProject
Project("{FAE04EC0-301F-11D3-BF4B-00C04F79EFBC}") = "Launchpad.Tests", "Launchpad.Tests\Launchpad.Tests.csproj", "{3DCD158D-7903-47AE-8FCC-3292128DE213}"
EndProject
Project("{FAE04EC0-301F-11D3-BF4B-00C04F79EFBC}") = "Launchpad.Common", "Launchpad.Common\Launchpad.Common.csproj", "{DDC53837-BA5A-41F3-8258-6224F3526A52}"
EndProject
Global
	GlobalSection(SolutionConfigurationPlatforms) = preSolution
		Debug|x86 = Debug|x86
		Release|x86 = Release|x86
		Default|x86 = Default|x86
	EndGlobalSection
	GlobalSection(ProjectConfigurationPlatforms) = postSolution
		{676312FB-AF67-4340-B86F-9CCEB22D802F}.Debug|x86.ActiveCfg = Debug|x86
		{676312FB-AF67-4340-B86F-9CCEB22D802F}.Debug|x86.Build.0 = Debug|x86
		{676312FB-AF67-4340-B86F-9CCEB22D802F}.Default|x86.ActiveCfg = Debug|x86
		{676312FB-AF67-4340-B86F-9CCEB22D802F}.Default|x86.Build.0 = Debug|x86
		{676312FB-AF67-4340-B86F-9CCEB22D802F}.Release|x86.ActiveCfg = Release|x86
		{676312FB-AF67-4340-B86F-9CCEB22D802F}.Release|x86.Build.0 = Release|x86
		{BA9D77D3-1767-4D9C-80F3-409C52B03861}.Debug|x86.ActiveCfg = Debug|x86
		{BA9D77D3-1767-4D9C-80F3-409C52B03861}.Debug|x86.Build.0 = Debug|x86
		{BA9D77D3-1767-4D9C-80F3-409C52B03861}.Default|x86.ActiveCfg = Debug|x86
		{BA9D77D3-1767-4D9C-80F3-409C52B03861}.Default|x86.Build.0 = Debug|x86
		{BA9D77D3-1767-4D9C-80F3-409C52B03861}.Release|x86.ActiveCfg = Release|x86
		{BA9D77D3-1767-4D9C-80F3-409C52B03861}.Release|x86.Build.0 = Release|x86
		{3DCD158D-7903-47AE-8FCC-3292128DE213}.Debug|x86.ActiveCfg = Debug|x86
		{3DCD158D-7903-47AE-8FCC-3292128DE213}.Debug|x86.Build.0 = Debug|x86
		{3DCD158D-7903-47AE-8FCC-3292128DE213}.Default|x86.ActiveCfg = Debug|x86
		{3DCD158D-7903-47AE-8FCC-3292128DE213}.Default|x86.Build.0 = Debug|x86
		{3DCD158D-7903-47AE-8FCC-3292128DE213}.Release|x86.ActiveCfg = Release|x86
		{3DCD158D-7903-47AE-8FCC-3292128DE213}.Release|x86.Build.0 = Release|x86
		{DDC53837-BA5A-41F3-8258-6224F3526A52}.Debug|x86.ActiveCfg = Debug|x86
		{DDC53837-BA5A-41F3-8258-6224F3526A52}.Debug|x86.Build.0 = Debug|x86
		{DDC53837-BA5A-41F3-8258-6224F3526A52}.Default|x86.ActiveCfg = Debug|x86
		{DDC53837-BA5A-41F3-8258-6224F3526A52}.Default|x86.Build.0 = Debug|x86
		{DDC53837-BA5A-41F3-8258-6224F3526A52}.Release|x86.ActiveCfg = Release|x86
		{DDC53837-BA5A-41F3-8258-6224F3526A52}.Release|x86.Build.0 = Release|x86
	EndGlobalSection
	GlobalSection(SolutionProperties) = preSolution
		HideSolutionNode = FALSE
	EndGlobalSection
EndGlobal
